
Microsoft Visual Studio Solution File, Format Version 12.00
# Visual Studio Version 17
VisualStudioVersion = 17.9.34728.123
MinimumVisualStudioVersion = 10.0.40219.1
Project("{9A19103F-16F7-4668-BE54-9A1E7A4F7556}") = "Project.Presentation", "Project.Presentation\Project.Presentation.csproj", "{1207C23F-E980-4775-84A3-3C3226D3BC8C}"
EndProject
Project("{2150E333-8FDC-42A3-9474-1A3956D46DE8}") = "Core", "Core", "{89841A99-2226-4238-BB5E-276BA85D0220}"
EndProject
Project("{9A19103F-16F7-4668-BE54-9A1E7A4F7556}") = "Project.Infrastructure", "Project.Infrastructure\Project.Infrastructure.csproj", "{6F2BCC1E-3117-45DB-9B20-B807A0C4F36D}"
EndProject
Project("{9A19103F-16F7-4668-BE54-9A1E7A4F7556}") = "Project.Application", "Project.Application\Project.Application.csproj", "{49BAE42E-A9B7-4828-A138-C3BD7EE7F247}"
EndProject
Project("{9A19103F-16F7-4668-BE54-9A1E7A4F7556}") = "Project.Domain", "Project.Domain\Project.Domain.csproj", "{5D163193-EB5B-4E05-9B3C-564BB31E8847}"
EndProject
Project("{9A19103F-16F7-4668-BE54-9A1E7A4F7556}") = "Project.Api", "Project.Api\Project.Api.csproj", "{F74BF7A9-CDB8-4979-A68A-47ED985E2611}"
EndProject
Global
	GlobalSection(SolutionConfigurationPlatforms) = preSolution
		Debug|Any CPU = Debug|Any CPU
		Release|Any CPU = Release|Any CPU
	EndGlobalSection
	GlobalSection(ProjectConfigurationPlatforms) = postSolution
		{1207C23F-E980-4775-84A3-3C3226D3BC8C}.Debug|Any CPU.ActiveCfg = Debug|Any CPU
		{1207C23F-E980-4775-84A3-3C3226D3BC8C}.Debug|Any CPU.Build.0 = Debug|Any CPU
		{1207C23F-E980-4775-84A3-3C3226D3BC8C}.Release|Any CPU.ActiveCfg = Release|Any CPU
		{1207C23F-E980-4775-84A3-3C3226D3BC8C}.Release|Any CPU.Build.0 = Release|Any CPU
		{6F2BCC1E-3117-45DB-9B20-B807A0C4F36D}.Debug|Any CPU.ActiveCfg = Debug|Any CPU
		{6F2BCC1E-3117-45DB-9B20-B807A0C4F36D}.Debug|Any CPU.Build.0 = Debug|Any CPU
		{6F2BCC1E-3117-45DB-9B20-B807A0C4F36D}.Release|Any CPU.ActiveCfg = Release|Any CPU
		{6F2BCC1E-3117-45DB-9B20-B807A0C4F36D}.Release|Any CPU.Build.0 = Release|Any CPU
		{49BAE42E-A9B7-4828-A138-C3BD7EE7F247}.Debug|Any CPU.ActiveCfg = Debug|Any CPU
		{49BAE42E-A9B7-4828-A138-C3BD7EE7F247}.Debug|Any CPU.Build.0 = Debug|Any CPU
		{49BAE42E-A9B7-4828-A138-C3BD7EE7F247}.Release|Any CPU.ActiveCfg = Release|Any CPU
		{49BAE42E-A9B7-4828-A138-C3BD7EE7F247}.Release|Any CPU.Build.0 = Release|Any CPU
		{5D163193-EB5B-4E05-9B3C-564BB31E8847}.Debug|Any CPU.ActiveCfg = Debug|Any CPU
		{5D163193-EB5B-4E05-9B3C-564BB31E8847}.Debug|Any CPU.Build.0 = Debug|Any CPU
		{5D163193-EB5B-4E05-9B3C-564BB31E8847}.Release|Any CPU.ActiveCfg = Release|Any CPU
		{5D163193-EB5B-4E05-9B3C-564BB31E8847}.Release|Any CPU.Build.0 = Release|Any CPU
		{F74BF7A9-CDB8-4979-A68A-47ED985E2611}.Debug|Any CPU.ActiveCfg = Debug|Any CPU
		{F74BF7A9-CDB8-4979-A68A-47ED985E2611}.Debug|Any CPU.Build.0 = Debug|Any CPU
		{F74BF7A9-CDB8-4979-A68A-47ED985E2611}.Release|Any CPU.ActiveCfg = Release|Any CPU
		{F74BF7A9-CDB8-4979-A68A-47ED985E2611}.Release|Any CPU.Build.0 = Release|Any CPU
	EndGlobalSection
	GlobalSection(SolutionProperties) = preSolution
		HideSolutionNode = FALSE
	EndGlobalSection
	GlobalSection(NestedProjects) = preSolution
		{49BAE42E-A9B7-4828-A138-C3BD7EE7F247} = {89841A99-2226-4238-BB5E-276BA85D0220}
		{5D163193-EB5B-4E05-9B3C-564BB31E8847} = {89841A99-2226-4238-BB5E-276BA85D0220}
	EndGlobalSection
	GlobalSection(ExtensibilityGlobals) = postSolution
		SolutionGuid = {326999A1-91FB-4124-B2E1-32E14C1747FC}
	EndGlobalSection
EndGlobal
